Microsoft Visual Studio Solution File, Format Version 10.00
# Visual Studio 2008
Project("{8BC9CEB8-8B4A-11D0-8D11-00A0C91BC942}") = "framework", "framework.vcproj", "{E76A3BB4-1A9C-4849-85B7-A65EEFEC6F0D}"
EndProject
Project("{8BC9CEB8-8B4A-11D0-8D11-00A0C91BC942}") = "example-opengl-texture", "example-opengl-texture.vcproj", "{C23C53B6-5FF9-461A-B671-618616188C93}"
	ProjectSection(ProjectDependencies) = postProject
		{E76A3BB4-1A9C-4849-85B7-A65EEFEC6F0D} = {E76A3BB4-1A9C-4849-85B7-A65EEFEC6F0D}
	EndProjectSection
EndProject
Global
	GlobalSection(SolutionConfigurationPlatforms) = preSolution
		Debug|Win32 = Debug|Win32
		Release|Win32 = Release|Win32
	EndGlobalSection
	GlobalSection(ProjectConfigurationPlatforms) = postSolution
		{E76A3BB4-1A9C-4849-85B7-A65EEFEC6F0D}.Debug|Win32.ActiveCfg = Debug|Win32
		{E76A3BB4-1A9C-4849-85B7-A65EEFEC6F0D}.Debug|Win32.Build.0 = Debug|Win32
		{E76A3BB4-1A9C-4849-85B7-A65EEFEC6F0D}.Release|Win32.ActiveCfg = Release|Win32
		{E76A3BB4-1A9C-4849-85B7-A65EEFEC6F0D}.Release|Win32.Build.0 = Release|Win32
		{C23C53B6-5FF9-461A-B671-618616188C93}.Debug|Win32.ActiveCfg = Debug|Win32
		{C23C53B6-5FF9-461A-B671-618616188C93}.Debug|Win32.Build.0 = Debug|Win32
		{C23C53B6-5FF9-461A-B671-618616188C93}.Release|Win32.ActiveCfg = Release|Win32
		{C23C53B6-5FF9-461A-B671-618616188C93}.Release|Win32.Build.0 = Release|Win32
	EndGlobalSection
	GlobalSection(SolutionProperties) = preSolution
		HideSolutionNode = FALSE
	EndGlobalSection
EndGlobal
